// !$*UTF8*$!
{
	archiveVersion = 1;
	classes = {
	};
	objectVersion = 46;
	objects = {

/* Begin PBXBuildFile section */
		D3BB9BE51D10F3AB00B212E3 /* AppDelegate.swift in Sources */ = {isa = PBXBuildFile; fileRef = D3BB9BE41D10F3AB00B212E3 /* AppDelegate.swift */; };
		D3BB9BE71D10F3AB00B212E3 /* ViewController.swift in Sources */ = {isa = PBXBuildFile; fileRef = D3BB9BE61D10F3AB00B212E3 /* ViewController.swift */; };
		D3BB9BEA1D10F3AB00B212E3 /* Main.storyboard in Resources */ = {isa = PBXBuildFile; fileRef = D3BB9BE81D10F3AB00B212E3 /* Main.storyboard */; };
		D3BB9BEC1D10F3AB00B212E3 /* Assets.xcassets in Resources */ = {isa = PBXBuildFile; fileRef = D3BB9BEB1D10F3AB00B212E3 /* Assets.xcassets */; };
		D3BB9BEF1D10F3AB00B212E3 /* LaunchScreen.storyboard in Resources */ = {isa = PBXBuildFile; fileRef = D3BB9BED1D10F3AB00B212E3 /* LaunchScreen.storyboard */; };
		D3BB9BFA1D10F3AC00B212E3 /* pruebaTests.swift in Sources */ = {isa = PBXBuildFile; fileRef = D3BB9BF91D10F3AC00B212E3 /* pruebaTests.swift */; };
		D3BB9C051D10F3AC00B212E3 /* pruebaUITests.swift in Sources */ = {isa = PBXBuildFile; fileRef = D3BB9C041D10F3AC00B212E3 /* pruebaUITests.swift */; };
/* End PBXBuildFile section */

/* Begin PBXContainerItemProxy section */
		D3BB9BF61D10F3AC00B212E3 /* PBXContainerItemProxy */ = {
			isa = PBXContainerItemProxy;
			containerPortal = D3BB9BD91D10F3AB00B212E3 /* Project object */;
			proxyType = 1;
			remoteGlobalIDString = D3BB9BE01D10F3AB00B212E3;
			remoteInfo = prueba;
		};
		D3BB9C011D10F3AC00B212E3 /* PBXContainerItemProxy */ = {
			isa = PBXContainerItemProxy;
			containerPortal = D3BB9BD91D10F3AB00B212E3 /* Project object */;
			proxyType = 1;
			remoteGlobalIDString = D3BB9BE01D10F3AB00B212E3;
			remoteInfo = prueba;
		};
/* End PBXContainerItemProxy section */

/* Begin PBXFileReference section */
		D3BB9BE11D10F3AB00B212E3 /* prueba.app */ = {isa = PBXFileReference; explicitFileType = wrapper.application; includeInIndex = 0; path = prueba.app; sourceTree = BUILT_PRODUCTS_DIR; };
		D3BB9BE41D10F3AB00B212E3 /* AppDelegate.swift */ = {isa = PBXFileReference; lastKnownFileType = sourcecode.swift; path = AppDelegate.swift; sourceTree = "<group>"; };
		D3BB9BE61D10F3AB00B212E3 /* ViewController.swift */ = {isa = PBXFileReference; lastKnownFileType = sourcecode.swift; path = ViewController.swift; sourceTree = "<group>"; };
		D3BB9BE91D10F3AB00B212E3 /* Base */ = {isa = PBXFileReference; lastKnownFileType = file.storyboard; name = Base; path = Base.lproj/Main.storyboard; sourceTree = "<group>"; };
		D3BB9BEB1D10F3AB00B212E3 /* Assets.xcassets */ = {isa = PBXFileReference; lastKnownFileType = folder.assetcatalog; path = Assets.xcassets; sourceTree = "<group>"; };
		D3BB9BEE1D10F3AB00B212E3 /* Base */ = {isa = PBXFileReference; lastKnownFileType = file.storyboard; name = Base; path = Base.lproj/LaunchScreen.storyboard; sourceTree = "<group>"; };
		D3BB9BF01D10F3AB00B212E3 /* Info.plist */ = {isa = PBXFileReference; lastKnownFileType = text.plist.xml; path = Info.plist; sourceTree = "<group>"; };
		D3BB9BF51D10F3AC00B212E3 /* pruebaTests.xctest */ = {isa = PBXFileReference; explicitFileType = wrapper.cfbundle; includeInIndex = 0; path = pruebaTests.xctest; sourceTree = BUILT_PRODUCTS_DIR; };
		D3BB9BF91D10F3AC00B212E3 /* pruebaTests.swift */ = {isa = PBXFileReference; lastKnownFileType = sourcecode.swift; path = pruebaTests.swift; sourceTree = "<group>"; };
		D3BB9BFB1D10F3AC00B212E3 /* Info.plist */ = {isa = PBXFileReference; lastKnownFileType = text.plist.xml; path = Info.plist; sourceTree = "<group>"; };
		D3BB9C001D10F3AC00B212E3 /* pruebaUITests.xctest */ = {isa = PBXFileReference; explicitFileType = wrapper.cfbundle; includeInIndex = 0; path = pruebaUITests.xctest; sourceTree = BUILT_PRODUCTS_DIR; };
		D3BB9C041D10F3AC00B212E3 /* pruebaUITests.swift */ = {isa = PBXFileReference; lastKnownFileType = sourcecode.swift; path = pruebaUITests.swift; sourceTree = "<group>"; };
		D3BB9C061D10F3AC00B212E3 /* Info.plist */ = {isa = PBXFileReference; lastKnownFileType = text.plist.xml; path = Info.plist; sourceTree = "<group>"; };
/* End PBXFileReference section */

/* Begin PBXFrameworksBuildPhase section */
		D3BB9BDE1D10F3AB00B212E3 /* Frameworks */ = {
			isa = PBXFrameworksBuildPhase;
			buildActionMask = 2147483647;
			files = (
			);
			runOnlyForDeploymentPostprocessing = 0;
		};
		D3BB9BF21D10F3AC00B212E3 /* Frameworks */ = {
			isa = PBXFrameworksBuildPhase;
			buildActionMask = 2147483647;
			files = (
			);
			runOnlyForDeploymentPostprocessing = 0;
		};
		D3BB9BFD1D10F3AC00B212E3 /* Frameworks */ = {
			isa = PBXFrameworksBuildPhase;
			buildActionMask = 2147483647;
			files = (
			);
			runOnlyForDeploymentPostprocessing = 0;
		};
/* End PBXFrameworksBuildPhase section */

/* Begin PBXGroup section */
		D3BB9BD81D10F3AB00B212E3 = {
			isa = PBXGroup;
			children = (
				D3BB9BE31D10F3AB00B212E3 /* prueba */,
				D3BB9BF81D10F3AC00B212E3 /* pruebaTests */,
				D3BB9C031D10F3AC00B212E3 /* pruebaUITests */,
				D3BB9BE21D10F3AB00B212E3 /* Products */,
			);
			sourceTree = "<group>";
		};
		D3BB9BE21D10F3AB00B212E3 /* Products */ = {
			isa = PBXGroup;
			children = (
				D3BB9BE11D10F3AB00B212E3 /* prueba.app */,
				D3BB9BF51D10F3AC00B212E3 /* pruebaTests.xctest */,
				D3BB9C001D10F3AC00B212E3 /* pruebaUITests.xctest */,
			);
			name = Products;
			sourceTree = "<group>";
		};
		D3BB9BE31D10F3AB00B212E3 /* prueba */ = {
			isa = PBXGroup;
			children = (
				D3BB9BE41D10F3AB00B212E3 /* AppDelegate.swift */,
				D3BB9BE61D10F3AB00B212E3 /* ViewController.swift */,
				D3BB9BE81D10F3AB00B212E3 /* Main.storyboard */,
				D3BB9BEB1D10F3AB00B212E3 /* Assets.xcassets */,
				D3BB9BED1D10F3AB00B212E3 /* LaunchScreen.storyboard */,
				D3BB9BF01D10F3AB00B212E3 /* Info.plist */,
			);
			path = prueba;
			sourceTree = "<group>";
		};
		D3BB9BF81D10F3AC00B212E3 /* pruebaTests */ = {
			isa = PBXGroup;
			children = (
				D3BB9BF91D10F3AC00B212E3 /* pruebaTests.swift */,
				D3BB9BFB1D10F3AC00B212E3 /* Info.plist */,
			);
			path = pruebaTests;
			sourceTree = "<group>";
		};
		D3BB9C031D10F3AC00B212E3 /* pruebaUITests */ = {
			isa = PBXGroup;
			children = (
				D3BB9C041D10F3AC00B212E3 /* pruebaUITests.swift */,
				D3BB9C061D10F3AC00B212E3 /* Info.plist */,
			);
			path = pruebaUITests;
			sourceTree = "<group>";
		};
/* End PBXGroup section */

/* Begin PBXNativeTarget section */
		D3BB9BE01D10F3AB00B212E3 /* prueba */ = {
			isa = PBXNativeTarget;
			buildConfigurationList = D3BB9C091D10F3AC00B212E3 /* Build configuration list for PBXNativeTarget "prueba" */;
			buildPhases = (
				D3BB9BDD1D10F3AB00B212E3 /* Sources */,
				D3BB9BDE1D10F3AB00B212E3 /* Frameworks */,
				D3BB9BDF1D10F3AB00B212E3 /* Resources */,
			);
			buildRules = (
			);
			dependencies = (
			);
			name = prueba;
			productName = prueba;
			productReference = D3BB9BE11D10F3AB00B212E3 /* prueba.app */;
			productType = "com.apple.product-type.application";
		};
		D3BB9BF41D10F3AC00B212E3 /* pruebaTests */ = {
			isa = PBXNativeTarget;
			buildConfigurationList = D3BB9C0C1D10F3AC00B212E3 /* Build configuration list for PBXNativeTarget "pruebaTests" */;
			buildPhases = (
				D3BB9BF11D10F3AC00B212E3 /* Sources */,
				D3BB9BF21D10F3AC00B212E3 /* Frameworks */,
				D3BB9BF31D10F3AC00B212E3 /* Resources */,
			);
			buildRules = (
			);
			dependencies = (
				D3BB9BF71D10F3AC00B212E3 /* PBXTargetDependency */,
			);
			name = pruebaTests;
			productName = pruebaTests;
			productReference = D3BB9BF51D10F3AC00B212E3 /* pruebaTests.xctest */;
			productType = "com.apple.product-type.bundle.unit-test";
		};
		D3BB9BFF1D10F3AC00B212E3 /* pruebaUITests */ = {
			isa = PBXNativeTarget;
			buildConfigurationList = D3BB9C0F1D10F3AC00B212E3 /* Build configuration list for PBXNativeTarget "pruebaUITests" */;
			buildPhases = (
				D3BB9BFC1D10F3AC00B212E3 /* Sources */,
				D3BB9BFD1D10F3AC00B212E3 /* Frameworks */,
				D3BB9BFE1D10F3AC00B212E3 /* Resources */,
			);
			buildRules = (
			);
			dependencies = (
				D3BB9C021D10F3AC00B212E3 /* PBXTargetDependency */,
			);
			name = pruebaUITests;
			productName = pruebaUITests;
			productReference = D3BB9C001D10F3AC00B212E3 /* pruebaUITests.xctest */;
			productType = "com.apple.product-type.bundle.ui-testing";
		};
/* End PBXNativeTarget section */

/* Begin PBXProject section */
		D3BB9BD91D10F3AB00B212E3 /* Project object */ = {
			isa = PBXProject;
			attributes = {
				LastSwiftUpdateCheck = 0730;
				LastUpgradeCheck = 0730;
				ORGANIZATIONNAME = "Yajaira Barragan";
				TargetAttributes = {
					D3BB9BE01D10F3AB00B212E3 = {
						CreatedOnToolsVersion = 7.3.1;
					};
					D3BB9BF41D10F3AC00B212E3 = {
						CreatedOnToolsVersion = 7.3.1;
						TestTargetID = D3BB9BE01D10F3AB00B212E3;
					};
					D3BB9BFF1D10F3AC00B212E3 = {
						CreatedOnToolsVersion = 7.3.1;
						TestTargetID = D3BB9BE01D10F3AB00B212E3;
					};
				};
			};
			buildConfigurationList = D3BB9BDC1D10F3AB00B212E3 /* Build configuration list for PBXProject "prueba" */;
			compatibilityVersion = "Xcode 3.2";
			developmentRegion = English;
			hasScannedForEncodings = 0;
			knownRegions = (
				en,
				Base,
			);
			mainGroup = D3BB9BD81D10F3AB00B212E3;
			productRefGroup = D3BB9BE21D10F3AB00B212E3 /* Products */;
			projectDirPath = "";
			projectRoot = "";
			targets = (
				D3BB9BE01D10F3AB00B212E3 /* prueba */,
				D3BB9BF41D10F3AC00B212E3 /* pruebaTests */,
				D3BB9BFF1D10F3AC00B212E3 /* pruebaUITests */,
			);
		};
/* End PBXProject section */

/* Begin PBXResourcesBuildPhase section */
		D3BB9BDF1D10F3AB00B212E3 /* Resources */ = {
			isa = PBXResourcesBuildPhase;
			buildActionMask = 2147483647;
			files = (
				D3BB9BEF1D10F3AB00B212E3 /* LaunchScreen.storyboard in Resources */,
				D3BB9BEC1D10F3AB00B212E3 /* Assets.xcassets in Resources */,
				D3BB9BEA1D10F3AB00B212E3 /* Main.storyboard in Resources */,
			);
			runOnlyForDeploymentPostprocessing = 0;
		};
		D3BB9BF31D10F3AC00B212E3 /* Resources */ = {
			isa = PBXResourcesBuildPhase;
			buildActionMask = 2147483647;
			files = (
			);
			runOnlyForDeploymentPostprocessing = 0;
		};
		D3BB9BFE1D10F3AC00B212E3 /* Resources */ = {
			isa = PBXResourcesBuildPhase;
			buildActionMask = 2147483647;
			files = (
			);
			runOnlyForDeploymentPostprocessing = 0;
		};
/* End PBXResourcesBuildPhase section */

/* Begin PBXSourcesBuildPhase section */
		D3BB9BDD1D10F3AB00B212E3 /* Sources */ = {
			isa = PBXSourcesBuildPhase;
			buildActionMask = 2147483647;
			files = (
				D3BB9BE71D10F3AB00B212E3 /* ViewController.swift in Sources */,
				D3BB9BE51D10F3AB00B212E3 /* AppDelegate.swift in Sources */,
			);
			runOnlyForDeploymentPostprocessing = 0;
		};
		D3BB9BF11D10F3AC00B212E3 /* Sources */ = {
			isa = PBXSourcesBuildPhase;
			buildActionMask = 2147483647;
			files = (
				D3BB9BFA1D10F3AC00B212E3 /* pruebaTests.swift in Sources */,
			);
			runOnlyForDeploymentPostprocessing = 0;
		};
		D3BB9BFC1D10F3AC00B212E3 /* Sources */ = {
			isa = PBXSourcesBuildPhase;
			buildActionMask = 2147483647;
			files = (
				D3BB9C051D10F3AC00B212E3 /* pruebaUITests.swift in Sources */,
			);
			runOnlyForDeploymentPostprocessing = 0;
		};
/* End PBXSourcesBuildPhase section */

/* Begin PBXTargetDependency section */
		D3BB9BF71D10F3AC00B212E3 /* PBXTargetDependency */ = {
			isa = PBXTargetDependency;
			target = D3BB9BE01D10F3AB00B212E3 /* prueba */;
			targetProxy = D3BB9BF61D10F3AC00B212E3 /* PBXContainerItemProxy */;
		};
		D3BB9C021D10F3AC00B212E3 /* PBXTargetDependency */ = {
			isa = PBXTargetDependency;
			target = D3BB9BE01D10F3AB00B212E3 /* prueba */;
			targetProxy = D3BB9C011D10F3AC00B212E3 /* PBXContainerItemProxy */;
		};
/* End PBXTargetDependency section */

/* Begin PBXVariantGroup section */
		D3BB9BE81D10F3AB00B212E3 /* Main.storyboard */ = {
			isa = PBXVariantGroup;
			children = (
				D3BB9BE91D10F3AB00B212E3 /* Base */,
			);
			name = Main.storyboard;
			sourceTree = "<group>";
		};
		D3BB9BED1D10F3AB00B212E3 /* LaunchScreen.storyboard */ = {
			isa = PBXVariantGroup;
			children = (
				D3BB9BEE1D10F3AB00B212E3 /* Base */,
			);
			name = LaunchScreen.storyboard;
			sourceTree = "<group>";
		};
/* End PBXVariantGroup section */

/* Begin XCBuildConfiguration section */
		D3BB9C071D10F3AC00B212E3 /* Debug */ = {
			isa = XCBuildConfiguration;
			buildSettings = {
				ALWAYS_SEARCH_USER_PATHS = NO;
				CLANG_ANALYZER_NONNULL = YES;
				CLANG_CXX_LANGUAGE_STANDARD = "gnu++0x";
				CLANG_CXX_LIBRARY = "libc++";
				CLANG_ENABLE_MODULES = YES;
				CLANG_ENABLE_OBJC_ARC = YES;
				CLANG_WARN_BOOL_CONVERSION = YES;
				CLANG_WARN_CONSTANT_CONVERSION = YES;
				CLANG_WARN_DIRECT_OBJC_ISA_USAGE = YES_ERROR;
				CLANG_WARN_EMPTY_BODY = YES;
				CLANG_WARN_ENUM_CONVERSION = YES;
				CLANG_WARN_INT_CONVERSION = YES;
				CLANG_WARN_OBJC_ROOT_CLASS = YES_ERROR;
				CLANG_WARN_UNREACHABLE_CODE = YES;
				CLANG_WARN__DUPLICATE_METHOD_MATCH = YES;
				"CODE_SIGN_IDENTITY[sdk=iphoneos*]" = "iPhone Developer";
				COPY_PHASE_STRIP = NO;
				DEBUG_INFORMATION_FORMAT = dwarf;
				ENABLE_STRICT_OBJC_MSGSEND = YES;
				ENABLE_TESTABILITY = YES;
				GCC_C_LANGUAGE_STANDARD = gnu99;
				GCC_DYNAMIC_NO_PIC = NO;
				GCC_NO_COMMON_BLOCKS = YES;
				GCC_OPTIMIZATION_LEVEL = 0;
				GCC_PREPROCESSOR_DEFINITIONS = (
					"DEBUG=1",
					"$(inherited)",
				);
				GCC_WARN_64_TO_32_BIT_CONVERSION = YES;
				GCC_WARN_ABOUT_RETURN_TYPE = YES_ERROR;
				GCC_WARN_UNDECLARED_SELECTOR = YES;
				GCC_WARN_UNINITIALIZED_AUTOS = YES_AGGRESSIVE;
				GCC_WARN_UNUSED_FUNCTION = YES;
				GCC_WARN_UNUSED_VARIABLE = YES;
				IPHONEOS_DEPLOYMENT_TARGET = 9.3;
				MTL_ENABLE_DEBUG_INFO = YES;
				ONLY_ACTIVE_ARCH = YES;
				SDKROOT = iphoneos;
				SWIFT_OPTIMIZATION_LEVEL = "-Onone";
				TARGETED_DEVICE_FAMILY = "1,2";
			};
			name = Debug;
		};
		D3BB9C081D10F3AC00B212E3 /* Release */ = {
			isa = XCBuildConfiguration;
			buildSettings = {
				ALWAYS_SEARCH_USER_PATHS = NO;
				CLANG_ANALYZER_NONNULL = YES;
				CLANG_CXX_LANGUAGE_STANDARD = "gnu++0x";
				CLANG_CXX_LIBRARY = "libc++";
				CLANG_ENABLE_MODULES = YES;
				CLANG_ENABLE_OBJC_ARC = YES;
				CLANG_WARN_BOOL_CONVERSION = YES;
				CLANG_WARN_CONSTANT_CONVERSION = YES;
				CLANG_WARN_DIRECT_OBJC_ISA_USAGE = YES_ERROR;
				CLANG_WARN_EMPTY_BODY = YES;
				CLANG_WARN_ENUM_CONVERSION = YES;
				CLANG_WARN_INT_CONVERSION = YES;
				CLANG_WARN_OBJC_ROOT_CLASS = YES_ERROR;
				CLANG_WARN_UNREACHABLE_CODE = YES;
				CLANG_WARN__DUPLICATE_METHOD_MATCH = YES;
				"CODE_SIGN_IDENTITY[sdk=iphoneos*]" = "iPhone Developer";
				COPY_PHASE_STRIP = NO;
				DEBUG_INFORMATION_FORMAT = "dwarf-with-dsym";
				ENABLE_NS_ASSERTIONS = NO;
				ENABLE_STRICT_OBJC_MSGSEND = YES;
				GCC_C_LANGUAGE_STANDARD = gnu99;
				GCC_NO_COMMON_BLOCKS = YES;
				GCC_WARN_64_TO_32_BIT_CONVERSION = YES;
				GCC_WARN_ABOUT_RETURN_TYPE = YES_ERROR;
				GCC_WARN_UNDECLARED_SELECTOR = YES;
				GCC_WARN_UNINITIALIZED_AUTOS = YES_AGGRESSIVE;
				GCC_WARN_UNUSED_FUNCTION = YES;
				GCC_WARN_UNUSED_VARIABLE = YES;
				IPHONEOS_DEPLOYMENT_TARGET = 9.3;
				MTL_ENABLE_DEBUG_INFO = NO;
				SDKROOT = iphoneos;
				TARGETED_DEVICE_FAMILY = "1,2";
				VALIDATE_PRODUCT = YES;
			};
			name = Release;
		};
		D3BB9C0A1D10F3AC00B212E3 /* Debug */ = {
			isa = XCBuildConfiguration;
			buildSettings = {
				ASSETCATALOG_COMPILER_APPICON_NAME = AppIcon;
				INFOPLIST_FILE = prueba/Info.plist;
				LD_RUNPATH_SEARCH_PATHS = "$(inherited) @executable_path/Frameworks";
				PRODUCT_BUNDLE_IDENTIFIER = Ecuavisa.prueba;
				PRODUCT_NAME = "$(TARGET_NAME)";
			};
			name = Debug;
		};
		D3BB9C0B1D10F3AC00B212E3 /* Release */ = {
			isa = XCBuildConfiguration;
			buildSettings = {
				ASSETCATALOG_COMPILER_APPICON_NAME = AppIcon;
				INFOPLIST_FILE = prueba/Info.plist;
				LD_RUNPATH_SEARCH_PATHS = "$(inherited) @executable_path/Frameworks";
				PRODUCT_BUNDLE_IDENTIFIER = Ecuavisa.prueba;
				PRODUCT_NAME = "$(TARGET_NAME)";
			};
			name = Release;
		};
		D3BB9C0D1D10F3AC00B212E3 /* Debug */ = {
			isa = XCBuildConfiguration;
			buildSettings = {
				BUNDLE_LOADER = "$(TEST_HOST)";
				INFOPLIST_FILE = pruebaTests/Info.plist;
				LD_RUNPATH_SEARCH_PATHS = "$(inherited) @executable_path/Frameworks @loader_path/Frameworks";
				PRODUCT_BUNDLE_IDENTIFIER = Ecuavisa.pruebaTests;
				PRODUCT_NAME = "$(TARGET_NAME)";
				TEST_HOST = "$(BUILT_PRODUCTS_DIR)/prueba.app/prueba";
			};
			name = Debug;
		};
		D3BB9C0E1D10F3AC00B212E3 /* Release */ = {
			isa = XCBuildConfiguration;
			buildSettings = {
				BUNDLE_LOADER = "$(TEST_HOST)";
				INFOPLIST_FILE = pruebaTests/Info.plist;
				LD_RUNPATH_SEARCH_PATHS = "$(inherited) @executable_path/Frameworks @loader_path/Frameworks";
				PRODUCT_BUNDLE_IDENTIFIER = Ecuavisa.pruebaTests;
				PRODUCT_NAME = "$(TARGET_NAME)";
				TEST_HOST = "$(BUILT_PRODUCTS_DIR)/prueba.app/prueba";
			};
			name = Release;
		};
		D3BB9C101D10F3AC00B212E3 /* Debug */ = {
			isa = XCBuildConfiguration;
			buildSettings = {
				INFOPLIST_FILE = pruebaUITests/Info.plist;
				LD_RUNPATH_SEARCH_PATHS = "$(inherited) @executable_path/Frameworks @loader_path/Frameworks";
				PRODUCT_BUNDLE_IDENTIFIER = Ecuavisa.pruebaUITests;
				PRODUCT_NAME = "$(TARGET_NAME)";
				TEST_TARGET_NAME = prueba;
			};
			name = Debug;
		};
		D3BB9C111D10F3AC00B212E3 /* Release */ = {
			isa = XCBuildConfiguration;
			buildSettings = {
				INFOPLIST_FILE = pruebaUITests/Info.plist;
				LD_RUNPATH_SEARCH_PATHS = "$(inherited) @executable_path/Frameworks @loader_path/Frameworks";
				PRODUCT_BUNDLE_IDENTIFIER = Ecuavisa.pruebaUITests;
				PRODUCT_NAME = "$(TARGET_NAME)";
				TEST_TARGET_NAME = prueba;
			};
			name = Release;
		};
/* End XCBuildConfiguration section */

/* Begin XCConfigurationList section */
		D3BB9BDC1D10F3AB00B212E3 /* Build configuration list for PBXProject "prueba" */ = {
			isa = XCConfigurationList;
			buildConfigurations = (
				D3BB9C071D10F3AC00B212E3 /* Debug */,
				D3BB9C081D10F3AC00B212E3 /* Release */,
			);
			defaultConfigurationIsVisible = 0;
			defaultConfigurationName = Release;
		};
		D3BB9C091D10F3AC00B212E3 /* Build configuration list for PBXNativeTarget "prueba" */ = {
			isa = XCConfigurationList;
			buildConfigurations = (
				D3BB9C0A1D10F3AC00B212E3 /* Debug */,
				D3BB9C0B1D10F3AC00B212E3 /* Release */,
			);
			defaultConfigurationIsVisible = 0;
		};
		D3BB9C0C1D10F3AC00B212E3 /* Build configuration list for PBXNativeTarget "pruebaTests" */ = {
			isa = XCConfigurationList;
			buildConfigurations = (
				D3BB9C0D1D10F3AC00B212E3 /* Debug */,
				D3BB9C0E1D10F3AC00B212E3 /* Release */,
			);
			defaultConfigurationIsVisible = 0;
		};
		D3BB9C0F1D10F3AC00B212E3 /* Build configuration list for PBXNativeTarget "pruebaUITests" */ = {
			isa = XCConfigurationList;
			buildConfigurations = (
				D3BB9C101D10F3AC00B212E3 /* Debug */,
				D3BB9C111D10F3AC00B212E3 /* Release */,
			);
			defaultConfigurationIsVisible = 0;
		};
/* End XCConfigurationList section */
	};
	rootObject = D3BB9BD91D10F3AB00B212E3 /* Project object */;
}
